
Microsoft Visual Studio Solution File, Format Version 12.00
# Visual Studio Version 17
VisualStudioVersion = 17.2.32630.192
MinimumVisualStudioVersion = 10.0.40219.1
Project("{FAE04EC0-301F-11D3-BF4B-00C04F79EFBC}") = "MenuLayout", "MenuLayout.csproj", "{9FF93165-31A5-418A-B5BB-9B7DE903914B}"
EndProject
Global
	GlobalSection(SolutionConfigurationPlatforms) = preSolution
		Debug|Any CPU = Debug|Any CPU
		Release|Any CPU = Release|Any CPU
	EndGlobalSection
	GlobalSection(ProjectConfigurationPlatforms) = postSolution
		{9FF93165-31A5-418A-B5BB-9B7DE903914B}.Debug|Any CPU.ActiveCfg = Debug|Any CPU
		{9FF93165-31A5-418A-B5BB-9B7DE903914B}.Debug|Any CPU.Build.0 = Debug|Any CPU
		{9FF93165-31A5-418A-B5BB-9B7DE903914B}.Release|Any CPU.ActiveCfg = Release|Any CPU
		{9FF93165-31A5-418A-B5BB-9B7DE903914B}.Release|Any CPU.Build.0 = Release|Any CPU
	EndGlobalSection
	GlobalSection(SolutionProperties) = preSolution
		HideSolutionNode = FALSE
	EndGlobalSection
	GlobalSection(ExtensibilityGlobals) = postSolution
		SolutionGuid = {B14913C6-85A8-497E-9721-7A302135F466}
	EndGlobalSection
EndGlobal
